{
  "nodes": {
    "bash-strict-mode": {
      "inputs": {
        "flake-utils": "flake-utils",
        "home-manager": "home-manager",
        "nixpkgs": [
          "nixpkgs"
        ],
        "shellcheck-nix-attributes": "shellcheck-nix-attributes"
      },
      "locked": {
        "lastModified": 1674014107,
        "narHash": "sha256-UgrmDzeSp+li0/wtn0zRZicqy2595bUftW1bMBfP+5Y=",
        "owner": "sellout",
        "repo": "bash-strict-mode",
        "rev": "da573e33174d7078e62eb2a9d9eb7d662e5b4913",
        "type": "github"
      },
      "original": {
        "owner": "sellout",
        "repo": "bash-strict-mode",
        "type": "github"
      }
    },
    "flake-utils": {
      "locked": {
        "lastModified": 1667395993,
        "narHash": "sha256-nuEHfE/LcWyuSWnS8t12N1wc105Qtau+/OdUAjtQ0rA=",
        "owner": "numtide",
        "repo": "flake-utils",
        "rev": "5aed5285a952e0b949eb3ba02c12fa4fcfef535f",
        "type": "github"
      },
      "original": {
        "owner": "numtide",
        "repo": "flake-utils",
        "type": "github"
      }
    },
    "flake-utils_2": {
      "locked": {
        "lastModified": 1676283394,
        "narHash": "sha256-XX2f9c3iySLCw54rJ/CZs+ZK6IQy7GXNY4nSOyu2QG4=",
        "owner": "numtide",
        "repo": "flake-utils",
        "rev": "3db36a8b464d0c4532ba1c7dda728f4576d6d073",
        "type": "github"
      },
      "original": {
        "owner": "numtide",
        "repo": "flake-utils",
        "type": "github"
      }
    },
    "home-manager": {
      "inputs": {
        "nixpkgs": [
          "bash-strict-mode",
          "nixpkgs"
        ],
        "utils": "utils"
      },
      "locked": {
        "lastModified": 1672244468,
        "narHash": "sha256-xaZb8AZqoXRCSqPusCk4ouf+fUNP8UJdafmMTF1Ltlw=",
        "owner": "nix-community",
        "repo": "home-manager",
        "rev": "89a8ba0b5b43b3350ff2e3ef37b66736b2ef8706",
        "type": "github"
      },
      "original": {
        "owner": "nix-community",
        "ref": "release-22.11",
        "repo": "home-manager",
        "type": "github"
      }
    },
    "home-manager_2": {
      "inputs": {
        "nixpkgs": [
          "nixpkgs"
        ],
        "utils": "utils_2"
      },
      "locked": {
        "lastModified": 1676257154,
        "narHash": "sha256-eW3jymNLpdxS5fkp9NWKyNtgL0Gqtgg1vCTofKXDF1g=",
        "owner": "nix-community",
        "repo": "home-manager",
        "rev": "2cb27c79117a2a75ff3416c3199a2dc57af6a527",
        "type": "github"
      },
      "original": {
        "owner": "nix-community",
        "ref": "release-22.11",
        "repo": "home-manager",
        "type": "github"
      }
    },
    "nixpkgs": {
      "locked": {
        "lastModified": 1676817468,
        "narHash": "sha256-ovuJ1jQOC2/EEibufBkXmSN/O9mLx80Wh7aDmHmHAhA=",
        "owner": "NixOS",
        "repo": "nixpkgs",
        "rev": "0cf4274b5d06325bd16dbf879a30981bc283e58a",
        "type": "github"
      },
      "original": {
        "owner": "NixOS",
        "ref": "release-22.11",
        "repo": "nixpkgs",
        "type": "github"
      }
    },
    "root": {
      "inputs": {
        "bash-strict-mode": "bash-strict-mode",
        "flake-utils": "flake-utils_2",
        "home-manager": "home-manager_2",
        "nixpkgs": "nixpkgs"
      }
    },
    "shellcheck-nix-attributes": {
      "flake": false,
      "locked": {
        "lastModified": 1586929030,
        "narHash": "sha256-a0WyWaz+nMYFWI43Ip9EUnPuBW0O4EIiTzYZKGqNjss=",
        "owner": "Fuuzetsu",
        "repo": "shellcheck-nix-attributes",
        "rev": "51b49d5fe65ece69eb5e2003396bf096083ec281",
        "type": "github"
      },
      "original": {
        "owner": "Fuuzetsu",
        "repo": "shellcheck-nix-attributes",
        "type": "github"
      }
    },
    "utils": {
      "locked": {
        "lastModified": 1667395993,
        "narHash": "sha256-nuEHfE/LcWyuSWnS8t12N1wc105Qtau+/OdUAjtQ0rA=",
        "owner": "numtide",
        "repo": "flake-utils",
        "rev": "5aed5285a952e0b949eb3ba02c12fa4fcfef535f",
        "type": "github"
      },
      "original": {
        "owner": "numtide",
        "repo": "flake-utils",
        "type": "github"
      }
    },
    "utils_2": {
      "locked": {
        "lastModified": 1667395993,
        "narHash": "sha256-nuEHfE/LcWyuSWnS8t12N1wc105Qtau+/OdUAjtQ0rA=",
        "owner": "numtide",
        "repo": "flake-utils",
        "rev": "5aed5285a952e0b949eb3ba02c12fa4fcfef535f",
        "type": "github"
      },
      "original": {
        "owner": "numtide",
        "repo": "flake-utils",
        "type": "github"
      }
    }
  },
  "root": "root",
  "version": 7
}
